
Microsoft Visual Studio Solution File, Format Version 12.00
# Visual Studio 2012
Project("{FAE04EC0-301F-11D3-BF4B-00C04F79EFBC}") = "UnityVS.CrunkPrototype.CSharp", "UnityVS.CrunkPrototype.CSharp.csproj", "{04543AC9-6EC4-2E8D-444A-0A7C6A8280AF}"
EndProject
Global
	GlobalSection(SolutionConfigurationPlatforms) = preSolution
		Debug|Any CPU = Debug|Any CPU
		Release|Any CPU = Release|Any CPU
	EndGlobalSection
	GlobalSection(ProjectConfigurationPlatforms) = postSolution
		{04543AC9-6EC4-2E8D-444A-0A7C6A8280AF}.Debug|Any CPU.ActiveCfg = Debug|Any CPU
		{04543AC9-6EC4-2E8D-444A-0A7C6A8280AF}.Debug|Any CPU.Build.0 = Debug|Any CPU
		{04543AC9-6EC4-2E8D-444A-0A7C6A8280AF}.Release|Any CPU.ActiveCfg = Release|Any CPU
		{04543AC9-6EC4-2E8D-444A-0A7C6A8280AF}.Release|Any CPU.Build.0 = Release|Any CPU
	EndGlobalSection
	GlobalSection(SolutionProperties) = preSolution
		HideSolutionNode = FALSE
	EndGlobalSection
EndGlobal
